// !$*UTF8*$!
{
	archiveVersion = 1;
	classes = {
	};
	objectVersion = 46;
	objects = {

/* Begin PBXBuildFile section */
		9C46B62715ACF78B007FD187 /* Icon.png in Resources */ = {isa = PBXBuildFile; fileRef = 9C46B62615ACF78B007FD187 /* Icon.png */; };
		9C46B62915ACF792007FD187 /* Icon@2x.png in Resources */ = {isa = PBXBuildFile; fileRef = 9C46B62815ACF792007FD187 /* Icon@2x.png */; };
		9C704BE016D52592000C0099 /* MOOSwipeAlertHelpers.m in Sources */ = {isa = PBXBuildFile; fileRef = 9C704BDF16D52592000C0099 /* MOOSwipeAlertHelpers.m */; };
		9C90A2EC16E13E7A004F326F /* MOOVignetteBackgroundView.m in Sources */ = {isa = PBXBuildFile; fileRef = 9C90A2EB16E13E7A004F326F /* MOOVignetteBackgroundView.m */; };
		9C9A8E2516E152B400B3C677 /* iPhoneStoryboard.storyboard in Resources */ = {isa = PBXBuildFile; fileRef = 9C9A8E2416E152B400B3C677 /* iPhoneStoryboard.storyboard */; };
		9C9A8E6216E1572800B3C677 /* TabBarController.m in Sources */ = {isa = PBXBuildFile; fileRef = 9C9A8E6116E1572800B3C677 /* TabBarController.m */; };
		9C9A8E6416E15FF700B3C677 /* Empty.png in Resources */ = {isa = PBXBuildFile; fileRef = 9C9A8E6316E15FF700B3C677 /* Empty.png */; };
		9C9A8E6716E160C000B3C677 /* Tab-Bar-Background.png in Resources */ = {isa = PBXBuildFile; fileRef = 9C9A8E6516E160C000B3C677 /* Tab-Bar-Background.png */; };
		9C9A8E6816E160C000B3C677 /* Tab-Bar-Background@2x.png in Resources */ = {isa = PBXBuildFile; fileRef = 9C9A8E6616E160C000B3C677 /* Tab-Bar-Background@2x.png */; };
		9C9A8E6B16E16DE400B3C677 /* Tab-Bar-Selection-Indicator-Image.png in Resources */ = {isa = PBXBuildFile; fileRef = 9C9A8E6916E16DE300B3C677 /* Tab-Bar-Selection-Indicator-Image.png */; };
		9C9A8E6C16E16DE400B3C677 /* Tab-Bar-Selection-Indicator-Image@2x.png in Resources */ = {isa = PBXBuildFile; fileRef = 9C9A8E6A16E16DE300B3C677 /* Tab-Bar-Selection-Indicator-Image@2x.png */; };
		9C9A8E7116E184C300B3C677 /* Themes-Icon-Selected.png in Resources */ = {isa = PBXBuildFile; fileRef = 9C9A8E6D16E184C300B3C677 /* Themes-Icon-Selected.png */; };
		9C9A8E7216E184C300B3C677 /* Themes-Icon-Selected@2x.png in Resources */ = {isa = PBXBuildFile; fileRef = 9C9A8E6E16E184C300B3C677 /* Themes-Icon-Selected@2x.png */; };
		9C9A8E7316E184C300B3C677 /* Themes-Icon.png in Resources */ = {isa = PBXBuildFile; fileRef = 9C9A8E6F16E184C300B3C677 /* Themes-Icon.png */; };
		9C9A8E7416E184C300B3C677 /* Themes-Icon@2x.png in Resources */ = {isa = PBXBuildFile; fileRef = 9C9A8E7016E184C300B3C677 /* Themes-Icon@2x.png */; };
		9C9A8E8116E1ABAC00B3C677 /* Buttons-Icon-Selected.png in Resources */ = {isa = PBXBuildFile; fileRef = 9C9A8E7D16E1ABAC00B3C677 /* Buttons-Icon-Selected.png */; };
		9C9A8E8216E1ABAC00B3C677 /* Buttons-Icon-Selected@2x.png in Resources */ = {isa = PBXBuildFile; fileRef = 9C9A8E7E16E1ABAC00B3C677 /* Buttons-Icon-Selected@2x.png */; };
		9C9A8E8316E1ABAC00B3C677 /* Buttons-Icon.png in Resources */ = {isa = PBXBuildFile; fileRef = 9C9A8E7F16E1ABAC00B3C677 /* Buttons-Icon.png */; };
		9C9A8E8416E1ABAC00B3C677 /* Buttons-Icon@2x.png in Resources */ = {isa = PBXBuildFile; fileRef = 9C9A8E8016E1ABAC00B3C677 /* Buttons-Icon@2x.png */; };
		9C9A8E8916E25AD000B3C677 /* Basics-Icon-Selected.png in Resources */ = {isa = PBXBuildFile; fileRef = 9C9A8E8516E25AD000B3C677 /* Basics-Icon-Selected.png */; };
		9C9A8E8A16E25AD000B3C677 /* Basics-Icon-Selected@2x.png in Resources */ = {isa = PBXBuildFile; fileRef = 9C9A8E8616E25AD000B3C677 /* Basics-Icon-Selected@2x.png */; };
		9C9A8E8B16E25AD000B3C677 /* Basics-Icon.png in Resources */ = {isa = PBXBuildFile; fileRef = 9C9A8E8716E25AD000B3C677 /* Basics-Icon.png */; };
		9C9A8E8C16E25AD000B3C677 /* Basics-Icon@2x.png in Resources */ = {isa = PBXBuildFile; fileRef = 9C9A8E8816E25AD000B3C677 /* Basics-Icon@2x.png */; };
		9C9A8E9116E260E000B3C677 /* Custom-Icon-Selected.png in Resources */ = {isa = PBXBuildFile; fileRef = 9C9A8E8D16E260E000B3C677 /* Custom-Icon-Selected.png */; };
		9C9A8E9216E260E000B3C677 /* Custom-Icon-Selected@2x.png in Resources */ = {isa = PBXBuildFile; fileRef = 9C9A8E8E16E260E000B3C677 /* Custom-Icon-Selected@2x.png */; };
		9C9A8E9316E260E000B3C677 /* Custom-Icon.png in Resources */ = {isa = PBXBuildFile; fileRef = 9C9A8E8F16E260E000B3C677 /* Custom-Icon.png */; };
		9C9A8E9416E260E000B3C677 /* Custom-Icon@2x.png in Resources */ = {isa = PBXBuildFile; fileRef = 9C9A8E9016E260E000B3C677 /* Custom-Icon@2x.png */; };
		9CE3B4FF15ACC61F00094B83 /* UIKit.framework in Frameworks */ = {isa = PBXBuildFile; fileRef = 9CE3B4FE15ACC61F00094B83 /* UIKit.framework */; };
		9CE3B50115ACC61F00094B83 /* Foundation.framework in Frameworks */ = {isa = PBXBuildFile; fileRef = 9CE3B50015ACC61F00094B83 /* Foundation.framework */; };
		9CE3B50315ACC61F00094B83 /* CoreGraphics.framework in Frameworks */ = {isa = PBXBuildFile; fileRef = 9CE3B50215ACC61F00094B83 /* CoreGraphics.framework */; };
		9CE3B50915ACC61F00094B83 /* InfoPlist.strings in Resources */ = {isa = PBXBuildFile; fileRef = 9CE3B50715ACC61F00094B83 /* InfoPlist.strings */; };
		9CE3B50B15ACC61F00094B83 /* main.m in Sources */ = {isa = PBXBuildFile; fileRef = 9CE3B50A15ACC61F00094B83 /* main.m */; };
		9CE3B50F15ACC61F00094B83 /* AppDelegate.m in Sources */ = {isa = PBXBuildFile; fileRef = 9CE3B50E15ACC61F00094B83 /* AppDelegate.m */; };
		9CE3B51215ACC61F00094B83 /* AlertViewController.m in Sources */ = {isa = PBXBuildFile; fileRef = 9CE3B51115ACC61F00094B83 /* AlertViewController.m */; };
		9CE3B54315ACE22F00094B83 /* QuartzCore.framework in Frameworks */ = {isa = PBXBuildFile; fileRef = 9CE3B54215ACE22F00094B83 /* QuartzCore.framework */; };
		9CF2D8B716CE853900800B3D /* Default-568h@2x.png in Resources */ = {isa = PBXBuildFile; fileRef = 9CF2D8B616CE853900800B3D /* Default-568h@2x.png */; };
		9CF2D8B916D1310700800B3D /* AudioToolbox.framework in Frameworks */ = {isa = PBXBuildFile; fileRef = 9CF2D8B816D1310700800B3D /* AudioToolbox.framework */; };
		9CF8024016D1B17800610D70 /* MOOMessageSwipeAlert.m in Sources */ = {isa = PBXBuildFile; fileRef = 9CF8023216D1B17800610D70 /* MOOMessageSwipeAlert.m */; };
		9CF8024116D1B17800610D70 /* MOOSwipeAlert.m in Sources */ = {isa = PBXBuildFile; fileRef = 9CF8023416D1B17800610D70 /* MOOSwipeAlert.m */; };
		9CF8024216D1B17800610D70 /* CAAnimation+MOOSwipeAlert.m in Sources */ = {isa = PBXBuildFile; fileRef = 9CF8023716D1B17800610D70 /* CAAnimation+MOOSwipeAlert.m */; };
		9CF8024316D1B17800610D70 /* MOOAlertBox.m in Sources */ = {isa = PBXBuildFile; fileRef = 9CF8023916D1B17800610D70 /* MOOAlertBox.m */; };
		9CF8024416D1B17800610D70 /* MOOMessageAlertContentView.m in Sources */ = {isa = PBXBuildFile; fileRef = 9CF8023B16D1B17800610D70 /* MOOMessageAlertContentView.m */; };
		9CF8024516D1B17800610D70 /* MOOSwipeAlertConstants.m in Sources */ = {isa = PBXBuildFile; fileRef = 9CF8023D16D1B17800610D70 /* MOOSwipeAlertConstants.m */; };
		9CF8024616D1B17800610D70 /* Default.MOOSwipeAlertTheme.bundle in Resources */ = {isa = PBXBuildFile; fileRef = 9CF8023F16D1B17800610D70 /* Default.MOOSwipeAlertTheme.bundle */; };
/* End PBXBuildFile section */

/* Begin PBXFileReference section */
		9C46B62615ACF78B007FD187 /* Icon.png */ = {isa = PBXFileReference; lastKnownFileType = image.png; path = Icon.png; sourceTree = "<group>"; };
		9C46B62815ACF792007FD187 /* Icon@2x.png */ = {isa = PBXFileReference; lastKnownFileType = image.png; path = "Icon@2x.png"; sourceTree = "<group>"; };
		9C704BDF16D52592000C0099 /* MOOSwipeAlertHelpers.m */ = {isa = PBXFileReference; fileEncoding = 4; lastKnownFileType = sourcecode.c.objc; path = MOOSwipeAlertHelpers.m; sourceTree = "<group>"; };
		9C704BE116D525B4000C0099 /* MOOSwipeAlertHelpers.h */ = {isa = PBXFileReference; lastKnownFileType = sourcecode.c.h; path = MOOSwipeAlertHelpers.h; sourceTree = "<group>"; };
		9C90A2EA16E13E7A004F326F /* MOOVignetteBackgroundView.h */ = {isa = PBXFileReference; fileEncoding = 4; lastKnownFileType = sourcecode.c.h; path = MOOVignetteBackgroundView.h; sourceTree = "<group>"; };
		9C90A2EB16E13E7A004F326F /* MOOVignetteBackgroundView.m */ = {isa = PBXFileReference; fileEncoding = 4; lastKnownFileType = sourcecode.c.objc; path = MOOVignetteBackgroundView.m; sourceTree = "<group>"; };
		9C9A8E2416E152B400B3C677 /* iPhoneStoryboard.storyboard */ = {isa = PBXFileReference; fileEncoding = 4; lastKnownFileType = file.storyboard; path = iPhoneStoryboard.storyboard; sourceTree = "<group>"; };
		9C9A8E6016E1572800B3C677 /* TabBarController.h */ = {isa = PBXFileReference; fileEncoding = 4; lastKnownFileType = sourcecode.c.h; path = TabBarController.h; sourceTree = "<group>"; };
		9C9A8E6116E1572800B3C677 /* TabBarController.m */ = {isa = PBXFileReference; fileEncoding = 4; lastKnownFileType = sourcecode.c.objc; path = TabBarController.m; sourceTree = "<group>"; };
		9C9A8E6316E15FF700B3C677 /* Empty.png */ = {isa = PBXFileReference; lastKnownFileType = image.png; path = Empty.png; sourceTree = "<group>"; };
		9C9A8E6516E160C000B3C677 /* Tab-Bar-Background.png */ = {isa = PBXFileReference; lastKnownFileType = image.png; path = "Tab-Bar-Background.png"; sourceTree = "<group>"; };
		9C9A8E6616E160C000B3C677 /* Tab-Bar-Background@2x.png */ = {isa = PBXFileReference; lastKnownFileType = image.png; path = "Tab-Bar-Background@2x.png"; sourceTree = "<group>"; };
		9C9A8E6916E16DE300B3C677 /* Tab-Bar-Selection-Indicator-Image.png */ = {isa = PBXFileReference; lastKnownFileType = image.png; path = "Tab-Bar-Selection-Indicator-Image.png"; sourceTree = "<group>"; };
		9C9A8E6A16E16DE300B3C677 /* Tab-Bar-Selection-Indicator-Image@2x.png */ = {isa = PBXFileReference; lastKnownFileType = image.png; path = "Tab-Bar-Selection-Indicator-Image@2x.png"; sourceTree = "<group>"; };
		9C9A8E6D16E184C300B3C677 /* Themes-Icon-Selected.png */ = {isa = PBXFileReference; lastKnownFileType = image.png; path = "Themes-Icon-Selected.png"; sourceTree = "<group>"; };
		9C9A8E6E16E184C300B3C677 /* Themes-Icon-Selected@2x.png */ = {isa = PBXFileReference; lastKnownFileType = image.png; path = "Themes-Icon-Selected@2x.png"; sourceTree = "<group>"; };
		9C9A8E6F16E184C300B3C677 /* Themes-Icon.png */ = {isa = PBXFileReference; lastKnownFileType = image.png; path = "Themes-Icon.png"; sourceTree = "<group>"; };
		9C9A8E7016E184C300B3C677 /* Themes-Icon@2x.png */ = {isa = PBXFileReference; lastKnownFileType = image.png; path = "Themes-Icon@2x.png"; sourceTree = "<group>"; };
		9C9A8E7D16E1ABAC00B3C677 /* Buttons-Icon-Selected.png */ = {isa = PBXFileReference; lastKnownFileType = image.png; path = "Buttons-Icon-Selected.png"; sourceTree = "<group>"; };
		9C9A8E7E16E1ABAC00B3C677 /* Buttons-Icon-Selected@2x.png */ = {isa = PBXFileReference; lastKnownFileType = image.png; path = "Buttons-Icon-Selected@2x.png"; sourceTree = "<group>"; };
		9C9A8E7F16E1ABAC00B3C677 /* Buttons-Icon.png */ = {isa = PBXFileReference; lastKnownFileType = image.png; path = "Buttons-Icon.png"; sourceTree = "<group>"; };
		9C9A8E8016E1ABAC00B3C677 /* Buttons-Icon@2x.png */ = {isa = PBXFileReference; lastKnownFileType = image.png; path = "Buttons-Icon@2x.png"; sourceTree = "<group>"; };
		9C9A8E8516E25AD000B3C677 /* Basics-Icon-Selected.png */ = {isa = PBXFileReference; lastKnownFileType = image.png; path = "Basics-Icon-Selected.png"; sourceTree = "<group>"; };
		9C9A8E8616E25AD000B3C677 /* Basics-Icon-Selected@2x.png */ = {isa = PBXFileReference; lastKnownFileType = image.png; path = "Basics-Icon-Selected@2x.png"; sourceTree = "<group>"; };
		9C9A8E8716E25AD000B3C677 /* Basics-Icon.png */ = {isa = PBXFileReference; lastKnownFileType = image.png; path = "Basics-Icon.png"; sourceTree = "<group>"; };
		9C9A8E8816E25AD000B3C677 /* Basics-Icon@2x.png */ = {isa = PBXFileReference; lastKnownFileType = image.png; path = "Basics-Icon@2x.png"; sourceTree = "<group>"; };
		9C9A8E8D16E260E000B3C677 /* Custom-Icon-Selected.png */ = {isa = PBXFileReference; lastKnownFileType = image.png; path = "Custom-Icon-Selected.png"; sourceTree = "<group>"; };
		9C9A8E8E16E260E000B3C677 /* Custom-Icon-Selected@2x.png */ = {isa = PBXFileReference; lastKnownFileType = image.png; path = "Custom-Icon-Selected@2x.png"; sourceTree = "<group>"; };
		9C9A8E8F16E260E000B3C677 /* Custom-Icon.png */ = {isa = PBXFileReference; lastKnownFileType = image.png; path = "Custom-Icon.png"; sourceTree = "<group>"; };
		9C9A8E9016E260E000B3C677 /* Custom-Icon@2x.png */ = {isa = PBXFileReference; lastKnownFileType = image.png; path = "Custom-Icon@2x.png"; sourceTree = "<group>"; };
		9CE3B4FA15ACC61F00094B83 /* MOOSwipeAlert.app */ = {isa = PBXFileReference; explicitFileType = wrapper.application; includeInIndex = 0; path = MOOSwipeAlert.app; sourceTree = BUILT_PRODUCTS_DIR; };
		9CE3B4FE15ACC61F00094B83 /* UIKit.framework */ = {isa = PBXFileReference; lastKnownFileType = wrapper.framework; name = UIKit.framework; path = System/Library/Frameworks/UIKit.framework; sourceTree = SDKROOT; };
		9CE3B50015ACC61F00094B83 /* Foundation.framework */ = {isa = PBXFileReference; lastKnownFileType = wrapper.framework; name = Foundation.framework; path = System/Library/Frameworks/Foundation.framework; sourceTree = SDKROOT; };
		9CE3B50215ACC61F00094B83 /* CoreGraphics.framework */ = {isa = PBXFileReference; lastKnownFileType = wrapper.framework; name = CoreGraphics.framework; path = System/Library/Frameworks/CoreGraphics.framework; sourceTree = SDKROOT; };
		9CE3B50615ACC61F00094B83 /* Demo Project-Info.plist */ = {isa = PBXFileReference; lastKnownFileType = text.plist.xml; path = "Demo Project-Info.plist"; sourceTree = "<group>"; };
		9CE3B50815ACC61F00094B83 /* en */ = {isa = PBXFileReference; lastKnownFileType = text.plist.strings; name = en; path = en.lproj/InfoPlist.strings; sourceTree = "<group>"; };
		9CE3B50A15ACC61F00094B83 /* main.m */ = {isa = PBXFileReference; lastKnownFileType = sourcecode.c.objc; path = main.m; sourceTree = "<group>"; };
		9CE3B50C15ACC61F00094B83 /* Demo Project-Prefix.pch */ = {isa = PBXFileReference; lastKnownFileType = sourcecode.c.h; path = "Demo Project-Prefix.pch"; sourceTree = "<group>"; };
		9CE3B50D15ACC61F00094B83 /* AppDelegate.h */ = {isa = PBXFileReference; lastKnownFileType = sourcecode.c.h; path = AppDelegate.h; sourceTree = "<group>"; };
		9CE3B50E15ACC61F00094B83 /* AppDelegate.m */ = {isa = PBXFileReference; lastKnownFileType = sourcecode.c.objc; path = AppDelegate.m; sourceTree = "<group>"; };
		9CE3B51015ACC61F00094B83 /* AlertViewController.h */ = {isa = PBXFileReference; lastKnownFileType = sourcecode.c.h; path = AlertViewController.h; sourceTree = "<group>"; };
		9CE3B51115ACC61F00094B83 /* AlertViewController.m */ = {isa = PBXFileReference; lastKnownFileType = sourcecode.c.objc; path = AlertViewController.m; sourceTree = "<group>"; };
		9CE3B54215ACE22F00094B83 /* QuartzCore.framework */ = {isa = PBXFileReference; lastKnownFileType = wrapper.framework; name = QuartzCore.framework; path = System/Library/Frameworks/QuartzCore.framework; sourceTree = SDKROOT; };
		9CF2D8B616CE853900800B3D /* Default-568h@2x.png */ = {isa = PBXFileReference; lastKnownFileType = image.png; path = "Default-568h@2x.png"; sourceTree = "<group>"; };
		9CF2D8B816D1310700800B3D /* AudioToolbox.framework */ = {isa = PBXFileReference; lastKnownFileType = wrapper.framework; name = AudioToolbox.framework; path = System/Library/Frameworks/AudioToolbox.framework; sourceTree = SDKROOT; };
		9CF8023116D1B17800610D70 /* MOOMessageSwipeAlert.h */ = {isa = PBXFileReference; fileEncoding = 4; lastKnownFileType = sourcecode.c.h; path = MOOMessageSwipeAlert.h; sourceTree = "<group>"; };
		9CF8023216D1B17800610D70 /* MOOMessageSwipeAlert.m */ = {isa = PBXFileReference; fileEncoding = 4; lastKnownFileType = sourcecode.c.objc; path = MOOMessageSwipeAlert.m; sourceTree = "<group>"; };
		9CF8023316D1B17800610D70 /* MOOSwipeAlert.h */ = {isa = PBXFileReference; fileEncoding = 4; lastKnownFileType = sourcecode.c.h; path = MOOSwipeAlert.h; sourceTree = "<group>"; };
		9CF8023416D1B17800610D70 /* MOOSwipeAlert.m */ = {isa = PBXFileReference; fileEncoding = 4; lastKnownFileType = sourcecode.c.objc; path = MOOSwipeAlert.m; sourceTree = "<group>"; };
		9CF8023616D1B17800610D70 /* CAAnimation+MOOSwipeAlert.h */ = {isa = PBXFileReference; fileEncoding = 4; lastKnownFileType = sourcecode.c.h; path = "CAAnimation+MOOSwipeAlert.h"; sourceTree = "<group>"; };
		9CF8023716D1B17800610D70 /* CAAnimation+MOOSwipeAlert.m */ = {isa = PBXFileReference; fileEncoding = 4; lastKnownFileType = sourcecode.c.objc; path = "CAAnimation+MOOSwipeAlert.m"; sourceTree = "<group>"; };
		9CF8023816D1B17800610D70 /* MOOAlertBox.h */ = {isa = PBXFileReference; fileEncoding = 4; lastKnownFileType = sourcecode.c.h; path = MOOAlertBox.h; sourceTree = "<group>"; };
		9CF8023916D1B17800610D70 /* MOOAlertBox.m */ = {isa = PBXFileReference; fileEncoding = 4; lastKnownFileType = sourcecode.c.objc; path = MOOAlertBox.m; sourceTree = "<group>"; };
		9CF8023A16D1B17800610D70 /* MOOMessageAlertContentView.h */ = {isa = PBXFileReference; fileEncoding = 4; lastKnownFileType = sourcecode.c.h; path = MOOMessageAlertContentView.h; sourceTree = "<group>"; };
		9CF8023B16D1B17800610D70 /* MOOMessageAlertContentView.m */ = {isa = PBXFileReference; fileEncoding = 4; lastKnownFileType = sourcecode.c.objc; path = MOOMessageAlertContentView.m; sourceTree = "<group>"; };
		9CF8023C16D1B17800610D70 /* MOOSwipeAlertConstants.h */ = {isa = PBXFileReference; fileEncoding = 4; lastKnownFileType = sourcecode.c.h; path = MOOSwipeAlertConstants.h; sourceTree = "<group>"; };
		9CF8023D16D1B17800610D70 /* MOOSwipeAlertConstants.m */ = {isa = PBXFileReference; fileEncoding = 4; lastKnownFileType = sourcecode.c.objc; path = MOOSwipeAlertConstants.m; sourceTree = "<group>"; };
		9CF8023F16D1B17800610D70 /* Default.MOOSwipeAlertTheme.bundle */ = {isa = PBXFileReference; lastKnownFileType = "wrapper.plug-in"; path = Default.MOOSwipeAlertTheme.bundle; sourceTree = "<group>"; };
/* End PBXFileReference section */

/* Begin PBXFrameworksBuildPhase section */
		9CE3B4F715ACC61F00094B83 /* Frameworks */ = {
			isa = PBXFrameworksBuildPhase;
			buildActionMask = 2147483647;
			files = (
				9CF2D8B916D1310700800B3D /* AudioToolbox.framework in Frameworks */,
				9CE3B54315ACE22F00094B83 /* QuartzCore.framework in Frameworks */,
				9CE3B4FF15ACC61F00094B83 /* UIKit.framework in Frameworks */,
				9CE3B50115ACC61F00094B83 /* Foundation.framework in Frameworks */,
				9CE3B50315ACC61F00094B83 /* CoreGraphics.framework in Frameworks */,
			);
			runOnlyForDeploymentPostprocessing = 0;
		};
/* End PBXFrameworksBuildPhase section */

/* Begin PBXGroup section */
		9CE3B4EF15ACC61F00094B83 = {
			isa = PBXGroup;
			children = (
				9CE3B50415ACC61F00094B83 /* Demo Project */,
				9CE3B51B15ACC67900094B83 /* External */,
				9CE3B4FD15ACC61F00094B83 /* Frameworks */,
				9CE3B4FB15ACC61F00094B83 /* Products */,
			);
			sourceTree = "<group>";
		};
		9CE3B4FB15ACC61F00094B83 /* Products */ = {
			isa = PBXGroup;
			children = (
				9CE3B4FA15ACC61F00094B83 /* MOOSwipeAlert.app */,
			);
			name = Products;
			sourceTree = "<group>";
		};
		9CE3B4FD15ACC61F00094B83 /* Frameworks */ = {
			isa = PBXGroup;
			children = (
				9CF2D8B816D1310700800B3D /* AudioToolbox.framework */,
				9CE3B54215ACE22F00094B83 /* QuartzCore.framework */,
				9CE3B4FE15ACC61F00094B83 /* UIKit.framework */,
				9CE3B50015ACC61F00094B83 /* Foundation.framework */,
				9CE3B50215ACC61F00094B83 /* CoreGraphics.framework */,
			);
			name = Frameworks;
			sourceTree = "<group>";
		};
		9CE3B50415ACC61F00094B83 /* Demo Project */ = {
			isa = PBXGroup;
			children = (
				9CE3B50D15ACC61F00094B83 /* AppDelegate.h */,
				9CE3B50E15ACC61F00094B83 /* AppDelegate.m */,
				9CE3B51015ACC61F00094B83 /* AlertViewController.h */,
				9CE3B51115ACC61F00094B83 /* AlertViewController.m */,
				9C9A8E6016E1572800B3C677 /* TabBarController.h */,
				9C9A8E6116E1572800B3C677 /* TabBarController.m */,
				9CE3B50515ACC61F00094B83 /* Supporting Files */,
			);
			path = "Demo Project";
			sourceTree = "<group>";
		};
		9CE3B50515ACC61F00094B83 /* Supporting Files */ = {
			isa = PBXGroup;
			children = (
				9C9A8E8516E25AD000B3C677 /* Basics-Icon-Selected.png */,
				9C9A8E8616E25AD000B3C677 /* Basics-Icon-Selected@2x.png */,
				9C9A8E8716E25AD000B3C677 /* Basics-Icon.png */,
				9C9A8E8816E25AD000B3C677 /* Basics-Icon@2x.png */,
				9C9A8E7D16E1ABAC00B3C677 /* Buttons-Icon-Selected.png */,
				9C9A8E7E16E1ABAC00B3C677 /* Buttons-Icon-Selected@2x.png */,
				9C9A8E7F16E1ABAC00B3C677 /* Buttons-Icon.png */,
				9C9A8E8016E1ABAC00B3C677 /* Buttons-Icon@2x.png */,
				9C9A8E8D16E260E000B3C677 /* Custom-Icon-Selected.png */,
				9C9A8E8E16E260E000B3C677 /* Custom-Icon-Selected@2x.png */,
				9C9A8E8F16E260E000B3C677 /* Custom-Icon.png */,
				9C9A8E9016E260E000B3C677 /* Custom-Icon@2x.png */,
				9CF2D8B616CE853900800B3D /* Default-568h@2x.png */,
				9CE3B50615ACC61F00094B83 /* Demo Project-Info.plist */,
				9C9A8E6316E15FF700B3C677 /* Empty.png */,
				9C46B62615ACF78B007FD187 /* Icon.png */,
				9C46B62815ACF792007FD187 /* Icon@2x.png */,
				9C9A8E6516E160C000B3C677 /* Tab-Bar-Background.png */,
				9C9A8E6616E160C000B3C677 /* Tab-Bar-Background@2x.png */,
				9C9A8E6916E16DE300B3C677 /* Tab-Bar-Selection-Indicator-Image.png */,
				9C9A8E6A16E16DE300B3C677 /* Tab-Bar-Selection-Indicator-Image@2x.png */,
				9C9A8E6D16E184C300B3C677 /* Themes-Icon-Selected.png */,
				9C9A8E6E16E184C300B3C677 /* Themes-Icon-Selected@2x.png */,
				9C9A8E6F16E184C300B3C677 /* Themes-Icon.png */,
				9C9A8E7016E184C300B3C677 /* Themes-Icon@2x.png */,
				9CE3B50715ACC61F00094B83 /* InfoPlist.strings */,
				9CE3B50A15ACC61F00094B83 /* main.m */,
				9CE3B50C15ACC61F00094B83 /* Demo Project-Prefix.pch */,
				9C9A8E2416E152B400B3C677 /* iPhoneStoryboard.storyboard */,
			);
			name = "Supporting Files";
			sourceTree = "<group>";
		};
		9CE3B51B15ACC67900094B83 /* External */ = {
			isa = PBXGroup;
			children = (
				9CF8023016D1B17800610D70 /* MOOSwipeAlert */,
			);
			name = External;
			sourceTree = "<group>";
		};
		9CF8023016D1B17800610D70 /* MOOSwipeAlert */ = {
			isa = PBXGroup;
			children = (
				9CF8023116D1B17800610D70 /* MOOMessageSwipeAlert.h */,
				9CF8023216D1B17800610D70 /* MOOMessageSwipeAlert.m */,
				9CF8023316D1B17800610D70 /* MOOSwipeAlert.h */,
				9CF8023416D1B17800610D70 /* MOOSwipeAlert.m */,
				9CF8023516D1B17800610D70 /* Shared */,
				9CF8023E16D1B17800610D70 /* Themes */,
			);
			path = MOOSwipeAlert;
			sourceTree = "<group>";
		};
		9CF8023516D1B17800610D70 /* Shared */ = {
			isa = PBXGroup;
			children = (
				9CF8023616D1B17800610D70 /* CAAnimation+MOOSwipeAlert.h */,
				9CF8023716D1B17800610D70 /* CAAnimation+MOOSwipeAlert.m */,
				9CF8023816D1B17800610D70 /* MOOAlertBox.h */,
				9CF8023916D1B17800610D70 /* MOOAlertBox.m */,
				9CF8023A16D1B17800610D70 /* MOOMessageAlertContentView.h */,
				9CF8023B16D1B17800610D70 /* MOOMessageAlertContentView.m */,
				9CF8023C16D1B17800610D70 /* MOOSwipeAlertConstants.h */,
				9CF8023D16D1B17800610D70 /* MOOSwipeAlertConstants.m */,
				9C704BE116D525B4000C0099 /* MOOSwipeAlertHelpers.h */,
				9C704BDF16D52592000C0099 /* MOOSwipeAlertHelpers.m */,
				9C90A2EA16E13E7A004F326F /* MOOVignetteBackgroundView.h */,
				9C90A2EB16E13E7A004F326F /* MOOVignetteBackgroundView.m */,
			);
			path = Shared;
			sourceTree = "<group>";
		};
		9CF8023E16D1B17800610D70 /* Themes */ = {
			isa = PBXGroup;
			children = (
				9CF8023F16D1B17800610D70 /* Default.MOOSwipeAlertTheme.bundle */,
			);
			path = Themes;
			sourceTree = "<group>";
		};
/* End PBXGroup section */

/* Begin PBXNativeTarget section */
		9CE3B4F915ACC61F00094B83 /* MOOSwipeAlert */ = {
			isa = PBXNativeTarget;
			buildConfigurationList = 9CE3B51815ACC61F00094B83 /* Build configuration list for PBXNativeTarget "MOOSwipeAlert" */;
			buildPhases = (
				9CE3B4F615ACC61F00094B83 /* Sources */,
				9CE3B4F715ACC61F00094B83 /* Frameworks */,
				9CE3B4F815ACC61F00094B83 /* Resources */,
			);
			buildRules = (
			);
			dependencies = (
			);
			name = MOOSwipeAlert;
			productName = "Demo Project";
			productReference = 9CE3B4FA15ACC61F00094B83 /* MOOSwipeAlert.app */;
			productType = "com.apple.product-type.application";
		};
/* End PBXNativeTarget section */

/* Begin PBXProject section */
		9CE3B4F115ACC61F00094B83 /* Project object */ = {
			isa = PBXProject;
			attributes = {
				LastUpgradeCheck = 0450;
				ORGANIZATIONNAME = "Peyton Randolph";
			};
			buildConfigurationList = 9CE3B4F415ACC61F00094B83 /* Build configuration list for PBXProject "Demo Project" */;
			compatibilityVersion = "Xcode 3.2";
			developmentRegion = English;
			hasScannedForEncodings = 0;
			knownRegions = (
				en,
			);
			mainGroup = 9CE3B4EF15ACC61F00094B83;
			productRefGroup = 9CE3B4FB15ACC61F00094B83 /* Products */;
			projectDirPath = "";
			projectRoot = "";
			targets = (
				9CE3B4F915ACC61F00094B83 /* MOOSwipeAlert */,
			);
		};
/* End PBXProject section */

/* Begin PBXResourcesBuildPhase section */
		9CE3B4F815ACC61F00094B83 /* Resources */ = {
			isa = PBXResourcesBuildPhase;
			buildActionMask = 2147483647;
			files = (
				9CE3B50915ACC61F00094B83 /* InfoPlist.strings in Resources */,
				9C46B62715ACF78B007FD187 /* Icon.png in Resources */,
				9C46B62915ACF792007FD187 /* Icon@2x.png in Resources */,
				9CF2D8B716CE853900800B3D /* Default-568h@2x.png in Resources */,
				9CF8024616D1B17800610D70 /* Default.MOOSwipeAlertTheme.bundle in Resources */,
				9C9A8E2516E152B400B3C677 /* iPhoneStoryboard.storyboard in Resources */,
				9C9A8E6416E15FF700B3C677 /* Empty.png in Resources */,
				9C9A8E6716E160C000B3C677 /* Tab-Bar-Background.png in Resources */,
				9C9A8E6816E160C000B3C677 /* Tab-Bar-Background@2x.png in Resources */,
				9C9A8E6B16E16DE400B3C677 /* Tab-Bar-Selection-Indicator-Image.png in Resources */,
				9C9A8E6C16E16DE400B3C677 /* Tab-Bar-Selection-Indicator-Image@2x.png in Resources */,
				9C9A8E7116E184C300B3C677 /* Themes-Icon-Selected.png in Resources */,
				9C9A8E7216E184C300B3C677 /* Themes-Icon-Selected@2x.png in Resources */,
				9C9A8E7316E184C300B3C677 /* Themes-Icon.png in Resources */,
				9C9A8E7416E184C300B3C677 /* Themes-Icon@2x.png in Resources */,
				9C9A8E8116E1ABAC00B3C677 /* Buttons-Icon-Selected.png in Resources */,
				9C9A8E8216E1ABAC00B3C677 /* Buttons-Icon-Selected@2x.png in Resources */,
				9C9A8E8316E1ABAC00B3C677 /* Buttons-Icon.png in Resources */,
				9C9A8E8416E1ABAC00B3C677 /* Buttons-Icon@2x.png in Resources */,
				9C9A8E8916E25AD000B3C677 /* Basics-Icon-Selected.png in Resources */,
				9C9A8E8A16E25AD000B3C677 /* Basics-Icon-Selected@2x.png in Resources */,
				9C9A8E8B16E25AD000B3C677 /* Basics-Icon.png in Resources */,
				9C9A8E8C16E25AD000B3C677 /* Basics-Icon@2x.png in Resources */,
				9C9A8E9116E260E000B3C677 /* Custom-Icon-Selected.png in Resources */,
				9C9A8E9216E260E000B3C677 /* Custom-Icon-Selected@2x.png in Resources */,
				9C9A8E9316E260E000B3C677 /* Custom-Icon.png in Resources */,
				9C9A8E9416E260E000B3C677 /* Custom-Icon@2x.png in Resources */,
			);
			runOnlyForDeploymentPostprocessing = 0;
		};
/* End PBXResourcesBuildPhase section */

/* Begin PBXSourcesBuildPhase section */
		9CE3B4F615ACC61F00094B83 /* Sources */ = {
			isa = PBXSourcesBuildPhase;
			buildActionMask = 2147483647;
			files = (
				9CE3B50B15ACC61F00094B83 /* main.m in Sources */,
				9CE3B50F15ACC61F00094B83 /* AppDelegate.m in Sources */,
				9CE3B51215ACC61F00094B83 /* AlertViewController.m in Sources */,
				9CF8024016D1B17800610D70 /* MOOMessageSwipeAlert.m in Sources */,
				9CF8024116D1B17800610D70 /* MOOSwipeAlert.m in Sources */,
				9CF8024216D1B17800610D70 /* CAAnimation+MOOSwipeAlert.m in Sources */,
				9CF8024316D1B17800610D70 /* MOOAlertBox.m in Sources */,
				9CF8024416D1B17800610D70 /* MOOMessageAlertContentView.m in Sources */,
				9CF8024516D1B17800610D70 /* MOOSwipeAlertConstants.m in Sources */,
				9C704BE016D52592000C0099 /* MOOSwipeAlertHelpers.m in Sources */,
				9C90A2EC16E13E7A004F326F /* MOOVignetteBackgroundView.m in Sources */,
				9C9A8E6216E1572800B3C677 /* TabBarController.m in Sources */,
			);
			runOnlyForDeploymentPostprocessing = 0;
		};
/* End PBXSourcesBuildPhase section */

/* Begin PBXVariantGroup section */
		9CE3B50715ACC61F00094B83 /* InfoPlist.strings */ = {
			isa = PBXVariantGroup;
			children = (
				9CE3B50815ACC61F00094B83 /* en */,
			);
			name = InfoPlist.strings;
			sourceTree = "<group>";
		};
/* End PBXVariantGroup section */

/* Begin XCBuildConfiguration section */
		9CE3B51615ACC61F00094B83 /* Debug */ = {
			isa = XCBuildConfiguration;
			buildSettings = {
				ALWAYS_SEARCH_USER_PATHS = NO;
				CLANG_CXX_LANGUAGE_STANDARD = "gnu++0x";
				CLANG_ENABLE_OBJC_ARC = YES;
				CLANG_WARN__DUPLICATE_METHOD_MATCH = YES;
				"CODE_SIGN_IDENTITY[sdk=iphoneos*]" = "iPhone Developer";
				COPY_PHASE_STRIP = NO;
				GCC_C_LANGUAGE_STANDARD = gnu99;
				GCC_DYNAMIC_NO_PIC = NO;
				GCC_OPTIMIZATION_LEVEL = 0;
				GCC_PREPROCESSOR_DEFINITIONS = (
					"DEBUG=1",
					"$(inherited)",
				);
				GCC_SYMBOLS_PRIVATE_EXTERN = NO;
				GCC_WARN_ABOUT_RETURN_TYPE = YES;
				GCC_WARN_UNINITIALIZED_AUTOS = YES;
				GCC_WARN_UNUSED_VARIABLE = YES;
				IPHONEOS_DEPLOYMENT_TARGET = 6.0;
				SDKROOT = iphoneos;
			};
			name = Debug;
		};
		9CE3B51715ACC61F00094B83 /* Release */ = {
			isa = XCBuildConfiguration;
			buildSettings = {
				ALWAYS_SEARCH_USER_PATHS = NO;
				CLANG_CXX_LANGUAGE_STANDARD = "gnu++0x";
				CLANG_ENABLE_OBJC_ARC = YES;
				CLANG_WARN__DUPLICATE_METHOD_MATCH = YES;
				"CODE_SIGN_IDENTITY[sdk=iphoneos*]" = "iPhone Developer";
				COPY_PHASE_STRIP = YES;
				GCC_C_LANGUAGE_STANDARD = gnu99;
				GCC_WARN_ABOUT_RETURN_TYPE = YES;
				GCC_WARN_UNINITIALIZED_AUTOS = YES;
				GCC_WARN_UNUSED_VARIABLE = YES;
				IPHONEOS_DEPLOYMENT_TARGET = 6.0;
				OTHER_CFLAGS = "-DNS_BLOCK_ASSERTIONS=1";
				SDKROOT = iphoneos;
				VALIDATE_PRODUCT = YES;
			};
			name = Release;
		};
		9CE3B51915ACC61F00094B83 /* Debug */ = {
			isa = XCBuildConfiguration;
			buildSettings = {
				GCC_PRECOMPILE_PREFIX_HEADER = YES;
				GCC_PREFIX_HEADER = "Demo Project/Demo Project-Prefix.pch";
				INFOPLIST_FILE = "Demo Project/Demo Project-Info.plist";
				IPHONEOS_DEPLOYMENT_TARGET = 6.1;
				OTHER_CFLAGS = "-DENABLE_VIBRATION";
				PRODUCT_NAME = "$(TARGET_NAME)";
				TARGETED_DEVICE_FAMILY = "1,2";
				WRAPPER_EXTENSION = app;
			};
			name = Debug;
		};
		9CE3B51A15ACC61F00094B83 /* Release */ = {
			isa = XCBuildConfiguration;
			buildSettings = {
				GCC_PRECOMPILE_PREFIX_HEADER = YES;
				GCC_PREFIX_HEADER = "Demo Project/Demo Project-Prefix.pch";
				INFOPLIST_FILE = "Demo Project/Demo Project-Info.plist";
				IPHONEOS_DEPLOYMENT_TARGET = 6.1;
				OTHER_CFLAGS = "-DENABLE_VIBRATION";
				PRODUCT_NAME = "$(TARGET_NAME)";
				TARGETED_DEVICE_FAMILY = "1,2";
				WRAPPER_EXTENSION = app;
			};
			name = Release;
		};
/* End XCBuildConfiguration section */

/* Begin XCConfigurationList section */
		9CE3B4F415ACC61F00094B83 /* Build configuration list for PBXProject "Demo Project" */ = {
			isa = XCConfigurationList;
			buildConfigurations = (
				9CE3B51615ACC61F00094B83 /* Debug */,
				9CE3B51715ACC61F00094B83 /* Release */,
			);
			defaultConfigurationIsVisible = 0;
			defaultConfigurationName = Release;
		};
		9CE3B51815ACC61F00094B83 /* Build configuration list for PBXNativeTarget "MOOSwipeAlert" */ = {
			isa = XCConfigurationList;
			buildConfigurations = (
				9CE3B51915ACC61F00094B83 /* Debug */,
				9CE3B51A15ACC61F00094B83 /* Release */,
			);
			defaultConfigurationIsVisible = 0;
			defaultConfigurationName = Release;
		};
/* End XCConfigurationList section */
	};
	rootObject = 9CE3B4F115ACC61F00094B83 /* Project object */;
}
